
Microsoft Visual Studio Solution File, Format Version 12.00
# Visual Studio Version 16
VisualStudioVersion = 16.0.30128.74
MinimumVisualStudioVersion = 10.0.40219.1
Project("{FAE04EC0-301F-11D3-BF4B-00C04F79EFBC}") = "Hello_EnterName", "Hello_EnterName\Hello_EnterName.csproj", "{9597CE5B-ECC4-460E-BFD6-1741255DC330}"
EndProject
Project("{FAE04EC0-301F-11D3-BF4B-00C04F79EFBC}") = "Rectangles", "Rectangles\Rectangles.csproj", "{D4180A0A-4F3F-4285-BAE5-24CF1FF267B3}"
EndProject
Project("{FAE04EC0-301F-11D3-BF4B-00C04F79EFBC}") = "Rectangles2", "Rectangles2\Rectangles2.csproj", "{14E266D5-4058-4587-A158-D660BDF67EF4}"
EndProject
Project("{FAE04EC0-301F-11D3-BF4B-00C04F79EFBC}") = "Random_Answers", "Random_Answers\Random_Answers.csproj", "{5687E1F0-F7E7-482E-916B-4BC7EB91A885}"
EndProject
Project("{FAE04EC0-301F-11D3-BF4B-00C04F79EFBC}") = "Grid", "Grid\Grid.csproj", "{07CC96C7-EF48-4918-85D1-67E0B8EA313F}"
EndProject
Project("{FAE04EC0-301F-11D3-BF4B-00C04F79EFBC}") = "GridSizes", "GridSizes\GridSizes.csproj", "{B84F4D72-996A-442B-9FE8-71429AAE3A37}"
EndProject
Project("{FAE04EC0-301F-11D3-BF4B-00C04F79EFBC}") = "StackPanel", "StackPanel\StackPanel.csproj", "{623E04D2-65E3-4048-896A-376D2EC0DE65}"
EndProject
Project("{FAE04EC0-301F-11D3-BF4B-00C04F79EFBC}") = "DockPanel", "DockPanel\DockPanel.csproj", "{4FB08EED-0D02-4CDB-BF12-A5D461197F32}"
EndProject
Project("{FAE04EC0-301F-11D3-BF4B-00C04F79EFBC}") = "WrapPanel", "WrapPanel\WrapPanel.csproj", "{D3223AF5-7182-418B-B994-A0D69EC50D56}"
EndProject
Project("{FAE04EC0-301F-11D3-BF4B-00C04F79EFBC}") = "UniformGrid", "UniformGrid\UniformGrid.csproj", "{CFEF1216-B673-433B-A579-4510320C80D6}"
EndProject
Project("{2150E333-8FDC-42A3-9474-1A3956D46DE8}") = "Layout", "Layout", "{E656C0E6-E946-4B55-B95B-53704FC133BA}"
EndProject
Project("{FAE04EC0-301F-11D3-BF4B-00C04F79EFBC}") = "Canvas", "Canvas\Canvas.csproj", "{EEACA3E4-99CD-4FA0-8728-7CED60531D55}"
EndProject
Project("{FAE04EC0-301F-11D3-BF4B-00C04F79EFBC}") = "InkCanvas", "InkCanvas\InkCanvas.csproj", "{3102361F-7B78-4CD3-83E2-488C7EF25331}"
EndProject
Project("{FAE04EC0-301F-11D3-BF4B-00C04F79EFBC}") = "GridSplitter", "GridSplitter\GridSplitter.csproj", "{94B0B74D-40A3-4190-886F-8D049FA9C7DD}"
EndProject
Project("{2150E333-8FDC-42A3-9474-1A3956D46DE8}") = "ApplicationClass", "ApplicationClass", "{CE1B46F5-3608-4CD6-B95E-476AFCA73B3E}"
EndProject
Project("{FAE04EC0-301F-11D3-BF4B-00C04F79EFBC}") = "MainMethod", "MainMethod\MainMethod.csproj", "{AF40AB27-0E38-4070-AE05-BD7E5EFF7B02}"
EndProject
Project("{FAE04EC0-301F-11D3-BF4B-00C04F79EFBC}") = "ApplicationEvents", "ApplicationEvents\ApplicationEvents.csproj", "{473BD30A-A73C-401C-8E59-7EEFFAD57666}"
EndProject
Global
	GlobalSection(SolutionConfigurationPlatforms) = preSolution
		Debug|Any CPU = Debug|Any CPU
		Release|Any CPU = Release|Any CPU
	EndGlobalSection
	GlobalSection(ProjectConfigurationPlatforms) = postSolution
		{9597CE5B-ECC4-460E-BFD6-1741255DC330}.Debug|Any CPU.ActiveCfg = Debug|Any CPU
		{9597CE5B-ECC4-460E-BFD6-1741255DC330}.Debug|Any CPU.Build.0 = Debug|Any CPU
		{9597CE5B-ECC4-460E-BFD6-1741255DC330}.Release|Any CPU.ActiveCfg = Release|Any CPU
		{9597CE5B-ECC4-460E-BFD6-1741255DC330}.Release|Any CPU.Build.0 = Release|Any CPU
		{D4180A0A-4F3F-4285-BAE5-24CF1FF267B3}.Debug|Any CPU.ActiveCfg = Debug|Any CPU
		{D4180A0A-4F3F-4285-BAE5-24CF1FF267B3}.Debug|Any CPU.Build.0 = Debug|Any CPU
		{D4180A0A-4F3F-4285-BAE5-24CF1FF267B3}.Release|Any CPU.ActiveCfg = Release|Any CPU
		{D4180A0A-4F3F-4285-BAE5-24CF1FF267B3}.Release|Any CPU.Build.0 = Release|Any CPU
		{14E266D5-4058-4587-A158-D660BDF67EF4}.Debug|Any CPU.ActiveCfg = Debug|Any CPU
		{14E266D5-4058-4587-A158-D660BDF67EF4}.Debug|Any CPU.Build.0 = Debug|Any CPU
		{14E266D5-4058-4587-A158-D660BDF67EF4}.Release|Any CPU.ActiveCfg = Release|Any CPU
		{14E266D5-4058-4587-A158-D660BDF67EF4}.Release|Any CPU.Build.0 = Release|Any CPU
		{5687E1F0-F7E7-482E-916B-4BC7EB91A885}.Debug|Any CPU.ActiveCfg = Debug|Any CPU
		{5687E1F0-F7E7-482E-916B-4BC7EB91A885}.Debug|Any CPU.Build.0 = Debug|Any CPU
		{5687E1F0-F7E7-482E-916B-4BC7EB91A885}.Release|Any CPU.ActiveCfg = Release|Any CPU
		{5687E1F0-F7E7-482E-916B-4BC7EB91A885}.Release|Any CPU.Build.0 = Release|Any CPU
		{07CC96C7-EF48-4918-85D1-67E0B8EA313F}.Debug|Any CPU.ActiveCfg = Debug|Any CPU
		{07CC96C7-EF48-4918-85D1-67E0B8EA313F}.Debug|Any CPU.Build.0 = Debug|Any CPU
		{07CC96C7-EF48-4918-85D1-67E0B8EA313F}.Release|Any CPU.ActiveCfg = Release|Any CPU
		{07CC96C7-EF48-4918-85D1-67E0B8EA313F}.Release|Any CPU.Build.0 = Release|Any CPU
		{B84F4D72-996A-442B-9FE8-71429AAE3A37}.Debug|Any CPU.ActiveCfg = Debug|Any CPU
		{B84F4D72-996A-442B-9FE8-71429AAE3A37}.Debug|Any CPU.Build.0 = Debug|Any CPU
		{B84F4D72-996A-442B-9FE8-71429AAE3A37}.Release|Any CPU.ActiveCfg = Release|Any CPU
		{B84F4D72-996A-442B-9FE8-71429AAE3A37}.Release|Any CPU.Build.0 = Release|Any CPU
		{623E04D2-65E3-4048-896A-376D2EC0DE65}.Debug|Any CPU.ActiveCfg = Debug|Any CPU
		{623E04D2-65E3-4048-896A-376D2EC0DE65}.Debug|Any CPU.Build.0 = Debug|Any CPU
		{623E04D2-65E3-4048-896A-376D2EC0DE65}.Release|Any CPU.ActiveCfg = Release|Any CPU
		{623E04D2-65E3-4048-896A-376D2EC0DE65}.Release|Any CPU.Build.0 = Release|Any CPU
		{4FB08EED-0D02-4CDB-BF12-A5D461197F32}.Debug|Any CPU.ActiveCfg = Debug|Any CPU
		{4FB08EED-0D02-4CDB-BF12-A5D461197F32}.Debug|Any CPU.Build.0 = Debug|Any CPU
		{4FB08EED-0D02-4CDB-BF12-A5D461197F32}.Release|Any CPU.ActiveCfg = Release|Any CPU
		{4FB08EED-0D02-4CDB-BF12-A5D461197F32}.Release|Any CPU.Build.0 = Release|Any CPU
		{D3223AF5-7182-418B-B994-A0D69EC50D56}.Debug|Any CPU.ActiveCfg = Debug|Any CPU
		{D3223AF5-7182-418B-B994-A0D69EC50D56}.Debug|Any CPU.Build.0 = Debug|Any CPU
		{D3223AF5-7182-418B-B994-A0D69EC50D56}.Release|Any CPU.ActiveCfg = Release|Any CPU
		{D3223AF5-7182-418B-B994-A0D69EC50D56}.Release|Any CPU.Build.0 = Release|Any CPU
		{CFEF1216-B673-433B-A579-4510320C80D6}.Debug|Any CPU.ActiveCfg = Debug|Any CPU
		{CFEF1216-B673-433B-A579-4510320C80D6}.Debug|Any CPU.Build.0 = Debug|Any CPU
		{CFEF1216-B673-433B-A579-4510320C80D6}.Release|Any CPU.ActiveCfg = Release|Any CPU
		{CFEF1216-B673-433B-A579-4510320C80D6}.Release|Any CPU.Build.0 = Release|Any CPU
		{EEACA3E4-99CD-4FA0-8728-7CED60531D55}.Debug|Any CPU.ActiveCfg = Debug|Any CPU
		{EEACA3E4-99CD-4FA0-8728-7CED60531D55}.Debug|Any CPU.Build.0 = Debug|Any CPU
		{EEACA3E4-99CD-4FA0-8728-7CED60531D55}.Release|Any CPU.ActiveCfg = Release|Any CPU
		{EEACA3E4-99CD-4FA0-8728-7CED60531D55}.Release|Any CPU.Build.0 = Release|Any CPU
		{3102361F-7B78-4CD3-83E2-488C7EF25331}.Debug|Any CPU.ActiveCfg = Debug|Any CPU
		{3102361F-7B78-4CD3-83E2-488C7EF25331}.Debug|Any CPU.Build.0 = Debug|Any CPU
		{3102361F-7B78-4CD3-83E2-488C7EF25331}.Release|Any CPU.ActiveCfg = Release|Any CPU
		{3102361F-7B78-4CD3-83E2-488C7EF25331}.Release|Any CPU.Build.0 = Release|Any CPU
		{94B0B74D-40A3-4190-886F-8D049FA9C7DD}.Debug|Any CPU.ActiveCfg = Debug|Any CPU
		{94B0B74D-40A3-4190-886F-8D049FA9C7DD}.Debug|Any CPU.Build.0 = Debug|Any CPU
		{94B0B74D-40A3-4190-886F-8D049FA9C7DD}.Release|Any CPU.ActiveCfg = Release|Any CPU
		{94B0B74D-40A3-4190-886F-8D049FA9C7DD}.Release|Any CPU.Build.0 = Release|Any CPU
		{AF40AB27-0E38-4070-AE05-BD7E5EFF7B02}.Debug|Any CPU.ActiveCfg = Debug|Any CPU
		{AF40AB27-0E38-4070-AE05-BD7E5EFF7B02}.Debug|Any CPU.Build.0 = Debug|Any CPU
		{AF40AB27-0E38-4070-AE05-BD7E5EFF7B02}.Release|Any CPU.ActiveCfg = Release|Any CPU
		{AF40AB27-0E38-4070-AE05-BD7E5EFF7B02}.Release|Any CPU.Build.0 = Release|Any CPU
		{473BD30A-A73C-401C-8E59-7EEFFAD57666}.Debug|Any CPU.ActiveCfg = Debug|Any CPU
		{473BD30A-A73C-401C-8E59-7EEFFAD57666}.Debug|Any CPU.Build.0 = Debug|Any CPU
		{473BD30A-A73C-401C-8E59-7EEFFAD57666}.Release|Any CPU.ActiveCfg = Release|Any CPU
		{473BD30A-A73C-401C-8E59-7EEFFAD57666}.Release|Any CPU.Build.0 = Release|Any CPU
	EndGlobalSection
	GlobalSection(SolutionProperties) = preSolution
		HideSolutionNode = FALSE
	EndGlobalSection
	GlobalSection(NestedProjects) = preSolution
		{07CC96C7-EF48-4918-85D1-67E0B8EA313F} = {E656C0E6-E946-4B55-B95B-53704FC133BA}
		{B84F4D72-996A-442B-9FE8-71429AAE3A37} = {E656C0E6-E946-4B55-B95B-53704FC133BA}
		{623E04D2-65E3-4048-896A-376D2EC0DE65} = {E656C0E6-E946-4B55-B95B-53704FC133BA}
		{4FB08EED-0D02-4CDB-BF12-A5D461197F32} = {E656C0E6-E946-4B55-B95B-53704FC133BA}
		{D3223AF5-7182-418B-B994-A0D69EC50D56} = {E656C0E6-E946-4B55-B95B-53704FC133BA}
		{CFEF1216-B673-433B-A579-4510320C80D6} = {E656C0E6-E946-4B55-B95B-53704FC133BA}
		{EEACA3E4-99CD-4FA0-8728-7CED60531D55} = {E656C0E6-E946-4B55-B95B-53704FC133BA}
		{3102361F-7B78-4CD3-83E2-488C7EF25331} = {E656C0E6-E946-4B55-B95B-53704FC133BA}
		{94B0B74D-40A3-4190-886F-8D049FA9C7DD} = {E656C0E6-E946-4B55-B95B-53704FC133BA}
		{AF40AB27-0E38-4070-AE05-BD7E5EFF7B02} = {CE1B46F5-3608-4CD6-B95E-476AFCA73B3E}
		{473BD30A-A73C-401C-8E59-7EEFFAD57666} = {CE1B46F5-3608-4CD6-B95E-476AFCA73B3E}
	EndGlobalSection
	GlobalSection(ExtensibilityGlobals) = postSolution
		SolutionGuid = {207A4EB3-09F2-47B3-9FAC-09EF0E26C749}
	EndGlobalSection
EndGlobal
